
Microsoft Visual Studio Solution File, Format Version 12.00
# Visual Studio 15
VisualStudioVersion = 15.0.28010.2048
MinimumVisualStudioVersion = 10.0.40219.1
Project("{FAE04EC0-301F-11D3-BF4B-00C04F79EFBC}") = "HelloWorld", "HelloWorld\HelloWorld.csproj", "{5AE064FE-5BFA-462B-A706-E3C314C142B5}"
EndProject
Global
	GlobalSection(SolutionConfigurationPlatforms) = preSolution
		Debug|Any CPU = Debug|Any CPU
		Release|Any CPU = Release|Any CPU
	EndGlobalSection
	GlobalSection(ProjectConfigurationPlatforms) = postSolution
		{5AE064FE-5BFA-462B-A706-E3C314C142B5}.Debug|Any CPU.ActiveCfg = Debug|Any CPU
		{5AE064FE-5BFA-462B-A706-E3C314C142B5}.Debug|Any CPU.Build.0 = Debug|Any CPU
		{5AE064FE-5BFA-462B-A706-E3C314C142B5}.Release|Any CPU.ActiveCfg = Release|Any CPU
		{5AE064FE-5BFA-462B-A706-E3C314C142B5}.Release|Any CPU.Build.0 = Release|Any CPU
	EndGlobalSection
	GlobalSection(SolutionProperties) = preSolution
		HideSolutionNode = FALSE
	EndGlobalSection
	GlobalSection(ExtensibilityGlobals) = postSolution
		SolutionGuid = {9655B3A0-7C7E-430E-B85B-05EDF9424B7E}
	EndGlobalSection
EndGlobal
