
Microsoft Visual Studio Solution File, Format Version 12.00
# Visual Studio 15
VisualStudioVersion = 15.0.28010.2048
MinimumVisualStudioVersion = 10.0.40219.1
Project("{FAE04EC0-301F-11D3-BF4B-00C04F79EFBC}") = "ExploreIntegerPrecisionAndLimits", "ExploreIntegerPrecisionAndLimits\ExploreIntegerPrecisionAndLimits.csproj", "{073CE5C2-69B6-4742-AF0A-6F2D5743FEF9}"
EndProject
Global
	GlobalSection(SolutionConfigurationPlatforms) = preSolution
		Debug|Any CPU = Debug|Any CPU
		Release|Any CPU = Release|Any CPU
	EndGlobalSection
	GlobalSection(ProjectConfigurationPlatforms) = postSolution
		{073CE5C2-69B6-4742-AF0A-6F2D5743FEF9}.Debug|Any CPU.ActiveCfg = Debug|Any CPU
		{073CE5C2-69B6-4742-AF0A-6F2D5743FEF9}.Debug|Any CPU.Build.0 = Debug|Any CPU
		{073CE5C2-69B6-4742-AF0A-6F2D5743FEF9}.Release|Any CPU.ActiveCfg = Release|Any CPU
		{073CE5C2-69B6-4742-AF0A-6F2D5743FEF9}.Release|Any CPU.Build.0 = Release|Any CPU
	EndGlobalSection
	GlobalSection(SolutionProperties) = preSolution
		HideSolutionNode = FALSE
	EndGlobalSection
	GlobalSection(ExtensibilityGlobals) = postSolution
		SolutionGuid = {A9CFB22D-2410-4688-BB2E-E13B503C847B}
	EndGlobalSection
EndGlobal
