
Microsoft Visual Studio Solution File, Format Version 12.00
# Visual Studio 15
VisualStudioVersion = 15.0.28010.2048
MinimumVisualStudioVersion = 10.0.40219.1
Project("{FAE04EC0-301F-11D3-BF4B-00C04F79EFBC}") = "helloWorldTwo", "helloWorldTwo\helloWorldTwo.csproj", "{3CDEBF89-2FC0-4662-8139-B545B952B83A}"
EndProject
Global
	GlobalSection(SolutionConfigurationPlatforms) = preSolution
		Debug|Any CPU = Debug|Any CPU
		Release|Any CPU = Release|Any CPU
	EndGlobalSection
	GlobalSection(ProjectConfigurationPlatforms) = postSolution
		{3CDEBF89-2FC0-4662-8139-B545B952B83A}.Debug|Any CPU.ActiveCfg = Debug|Any CPU
		{3CDEBF89-2FC0-4662-8139-B545B952B83A}.Debug|Any CPU.Build.0 = Debug|Any CPU
		{3CDEBF89-2FC0-4662-8139-B545B952B83A}.Release|Any CPU.ActiveCfg = Release|Any CPU
		{3CDEBF89-2FC0-4662-8139-B545B952B83A}.Release|Any CPU.Build.0 = Release|Any CPU
	EndGlobalSection
	GlobalSection(SolutionProperties) = preSolution
		HideSolutionNode = FALSE
	EndGlobalSection
	GlobalSection(ExtensibilityGlobals) = postSolution
		SolutionGuid = {D6CC1A8D-F7A8-46D8-9E21-2163FBDA2192}
	EndGlobalSection
EndGlobal
