
Microsoft Visual Studio Solution File, Format Version 12.00
# Visual Studio 15
VisualStudioVersion = 15.0.28010.2048
MinimumVisualStudioVersion = 10.0.40219.1
Project("{FAE04EC0-301F-11D3-BF4B-00C04F79EFBC}") = "SearchStrings", "SearchStrings\SearchStrings.csproj", "{EB6A7D64-EA69-45FA-B054-7F8BDD5B6CC9}"
EndProject
Global
	GlobalSection(SolutionConfigurationPlatforms) = preSolution
		Debug|Any CPU = Debug|Any CPU
		Release|Any CPU = Release|Any CPU
	EndGlobalSection
	GlobalSection(ProjectConfigurationPlatforms) = postSolution
		{EB6A7D64-EA69-45FA-B054-7F8BDD5B6CC9}.Debug|Any CPU.ActiveCfg = Debug|Any CPU
		{EB6A7D64-EA69-45FA-B054-7F8BDD5B6CC9}.Debug|Any CPU.Build.0 = Debug|Any CPU
		{EB6A7D64-EA69-45FA-B054-7F8BDD5B6CC9}.Release|Any CPU.ActiveCfg = Release|Any CPU
		{EB6A7D64-EA69-45FA-B054-7F8BDD5B6CC9}.Release|Any CPU.Build.0 = Release|Any CPU
	EndGlobalSection
	GlobalSection(SolutionProperties) = preSolution
		HideSolutionNode = FALSE
	EndGlobalSection
	GlobalSection(ExtensibilityGlobals) = postSolution
		SolutionGuid = {09915CCA-D3E4-434A-B58F-82B1D070F53A}
	EndGlobalSection
EndGlobal
