
Microsoft Visual Studio Solution File, Format Version 12.00
# Visual Studio 15
VisualStudioVersion = 15.0.28010.2048
MinimumVisualStudioVersion = 10.0.40219.1
Project("{FAE04EC0-301F-11D3-BF4B-00C04F79EFBC}") = "CreateAnInterpolatedString", "CreateAnInterpolatedString\CreateAnInterpolatedString.csproj", "{7471BA9C-FAD9-46CF-A00A-7D986FA1D8B6}"
EndProject
Global
	GlobalSection(SolutionConfigurationPlatforms) = preSolution
		Debug|Any CPU = Debug|Any CPU
		Release|Any CPU = Release|Any CPU
	EndGlobalSection
	GlobalSection(ProjectConfigurationPlatforms) = postSolution
		{7471BA9C-FAD9-46CF-A00A-7D986FA1D8B6}.Debug|Any CPU.ActiveCfg = Debug|Any CPU
		{7471BA9C-FAD9-46CF-A00A-7D986FA1D8B6}.Debug|Any CPU.Build.0 = Debug|Any CPU
		{7471BA9C-FAD9-46CF-A00A-7D986FA1D8B6}.Release|Any CPU.ActiveCfg = Release|Any CPU
		{7471BA9C-FAD9-46CF-A00A-7D986FA1D8B6}.Release|Any CPU.Build.0 = Release|Any CPU
	EndGlobalSection
	GlobalSection(SolutionProperties) = preSolution
		HideSolutionNode = FALSE
	EndGlobalSection
	GlobalSection(ExtensibilityGlobals) = postSolution
		SolutionGuid = {DD5C04FA-9C22-4629-A415-AF78C3C5D80D}
	EndGlobalSection
EndGlobal
